
Microsoft Visual Studio Solution File, Format Version 12.00
# Visual Studio 14
VisualStudioVersion = 14.0.24720.0
MinimumVisualStudioVersion = 10.0.40219.1
Project("{FAE04EC0-301F-11D3-BF4B-00C04F79EFBC}") = "OpenBrowser", "OpenBrowser\OpenBrowser.csproj", "{0C8E3309-3657-4240-86FF-0FB629253B56}"
EndProject
Project("{FAE04EC0-301F-11D3-BF4B-00C04F79EFBC}") = "OpenBrowser.iOS", "OpenBrowser.iOS\OpenBrowser.iOS.csproj", "{063029D4-D28D-4DBD-BC6F-5A494D03894E}"
EndProject
Project("{FAE04EC0-301F-11D3-BF4B-00C04F79EFBC}") = "OpenBrowser.Droid", "OpenBrowser.Droid\OpenBrowser.Droid.csproj", "{CE0619ED-CDF9-4EF4-90F0-8133054D0AED}"
EndProject
Project("{FAE04EC0-301F-11D3-BF4B-00C04F79EFBC}") = "OpenBrowser.UWP", "OpenBrowser.UWP\OpenBrowser.UWP.csproj", "{6C1A72D9-8FC0-48B0-B763-0EF70257A972}"
EndProject
Project("{FAE04EC0-301F-11D3-BF4B-00C04F79EFBC}") = "OpenBrowser.WP8", "OpenBrowser.WP8\OpenBrowser.WP8.csproj", "{B358EDFB-209C-4456-8277-1DEAB5AE39F5}"
EndProject
Project("{2150E333-8FDC-42A3-9474-1A3956D46DE8}") = "Solution Items", "Solution Items", "{3BCAD022-531F-4151-854B-34E288298CF6}"
	ProjectSection(SolutionItems) = preProject
		..\.gitattributes = ..\.gitattributes
		..\.gitignore = ..\.gitignore
		..\appveyor.yml = ..\appveyor.yml
		..\build.cmd = ..\build.cmd
		..\build.fsx = ..\build.fsx
		..\build.sh = ..\build.sh
		..\DEPLOYMENT.md = ..\DEPLOYMENT.md
		..\LICENSE.md = ..\LICENSE.md
		OpenBrowser.nuspec = OpenBrowser.nuspec
		..\README.md = ..\README.md
		..\RELEASENOTES.md = ..\RELEASENOTES.md
		SolutionInfo.cs = SolutionInfo.cs
	EndProjectSection
EndProject
Project("{2150E333-8FDC-42A3-9474-1A3956D46DE8}") = "samples", "samples", "{75EE5858-0704-48B3-AFA9-38A14250159C}"
EndProject
Project("{FAE04EC0-301F-11D3-BF4B-00C04F79EFBC}") = "OpenBrowserApp.Core", "..\samples\OpenBrowserApp.Core\OpenBrowserApp.Core.csproj", "{140AE1AC-C314-4330-A7A3-14923B2DA49E}"
EndProject
Project("{FAE04EC0-301F-11D3-BF4B-00C04F79EFBC}") = "OpenBrowserApp.Droid", "..\samples\OpenBrowserApp.Droid\OpenBrowserApp.Droid.csproj", "{7440A7B3-C0FB-4A0E-859F-7233D4BE7576}"
EndProject
Project("{FAE04EC0-301F-11D3-BF4B-00C04F79EFBC}") = "OpenBrowserApp.iOS", "..\samples\OpenBrowserApp.iOS\OpenBrowserApp.iOS.csproj", "{F70DCA83-0AFF-4FB1-8D4A-8632B92CF4EC}"
EndProject
Project("{FAE04EC0-301F-11D3-BF4B-00C04F79EFBC}") = "OpenBrowserApp.UWP", "..\samples\OpenBrowserApp.UWP\OpenBrowserApp.UWP.csproj", "{B7D4E3BB-CB7D-40BB-829E-6AFD13B80FEC}"
EndProject
Project("{FAE04EC0-301F-11D3-BF4B-00C04F79EFBC}") = "OpenBrowser.WPA", "OpenBrowser.WPA\OpenBrowser.WPA.csproj", "{D29069E0-58EC-42CF-A776-100B4047A762}"
EndProject
Project("{2150E333-8FDC-42A3-9474-1A3956D46DE8}") = "OpenBrowserApp.WPA", "OpenBrowserApp.WPA", "{BFF91270-3438-4109-9E0C-2B20EBFFE6E5}"
EndProject
Project("{D954291E-2A0B-460D-934E-DC6B0785DB48}") = "OpenBrowserApp.WPA.Shared", "..\samples\OpenBrowserApp.WPA\OpenBrowserApp.WPA.Shared\OpenBrowserApp.WPA.Shared.shproj", "{41935528-C919-4A7F-BE92-326D5CECB87F}"
EndProject
Project("{FAE04EC0-301F-11D3-BF4B-00C04F79EFBC}") = "OpenBrowserApp.WPA.Windows", "..\samples\OpenBrowserApp.WPA\OpenBrowserApp.WPA.Windows\OpenBrowserApp.WPA.Windows.csproj", "{9384A57D-69EA-4798-8F94-15C9DA6D2908}"
EndProject
Project("{FAE04EC0-301F-11D3-BF4B-00C04F79EFBC}") = "OpenBrowserApp.WPA.WindowsPhone", "..\samples\OpenBrowserApp.WPA\OpenBrowserApp.WPA.WindowsPhone\OpenBrowserApp.WPA.WindowsPhone.csproj", "{90BBAF1B-DC82-42A5-8C8E-569D44723A46}"
EndProject
Project("{FAE04EC0-301F-11D3-BF4B-00C04F79EFBC}") = "OpenBrowserApp.WP8", "..\samples\OpenBrowserApp.WP8\OpenBrowserApp.WP8.csproj", "{A44F0D3B-956C-4724-A0C0-497DDCBDF015}"
EndProject
Global
	GlobalSection(SharedMSBuildProjectFiles) = preSolution
		..\samples\OpenBrowserApp.WPA\OpenBrowserApp.WPA.Shared\OpenBrowserApp.WPA.Shared.projitems*{41935528-c919-4a7f-be92-326d5cecb87f}*SharedItemsImports = 13
		..\samples\OpenBrowserApp.WPA\OpenBrowserApp.WPA.Shared\OpenBrowserApp.WPA.Shared.projitems*{9384a57d-69ea-4798-8f94-15c9da6d2908}*SharedItemsImports = 4
		..\samples\OpenBrowserApp.WPA\OpenBrowserApp.WPA.Shared\OpenBrowserApp.WPA.Shared.projitems*{90bbaf1b-dc82-42a5-8c8e-569d44723a46}*SharedItemsImports = 4
	EndGlobalSection
	GlobalSection(SolutionConfigurationPlatforms) = preSolution
		AppStore|Any CPU = AppStore|Any CPU
		AppStore|ARM = AppStore|ARM
		AppStore|iPhone = AppStore|iPhone
		AppStore|iPhoneSimulator = AppStore|iPhoneSimulator
		AppStore|x64 = AppStore|x64
		AppStore|x86 = AppStore|x86
		Debug|Any CPU = Debug|Any CPU
		Debug|ARM = Debug|ARM
		Debug|iPhone = Debug|iPhone
		Debug|iPhoneSimulator = Debug|iPhoneSimulator
		Debug|x64 = Debug|x64
		Debug|x86 = Debug|x86
		Release|Any CPU = Release|Any CPU
		Release|ARM = Release|ARM
		Release|iPhone = Release|iPhone
		Release|iPhoneSimulator = Release|iPhoneSimulator
		Release|x64 = Release|x64
		Release|x86 = Release|x86
	EndGlobalSection
	GlobalSection(ProjectConfigurationPlatforms) = postSolution
		{0C8E3309-3657-4240-86FF-0FB629253B56}.AppStore|Any CPU.ActiveCfg = Release|Any CPU
		{0C8E3309-3657-4240-86FF-0FB629253B56}.AppStore|Any CPU.Build.0 = Release|Any CPU
		{0C8E3309-3657-4240-86FF-0FB629253B56}.AppStore|ARM.ActiveCfg = Release|Any CPU
		{0C8E3309-3657-4240-86FF-0FB629253B56}.AppStore|ARM.Build.0 = Release|Any CPU
		{0C8E3309-3657-4240-86FF-0FB629253B56}.AppStore|iPhone.ActiveCfg = Release|Any CPU
		{0C8E3309-3657-4240-86FF-0FB629253B56}.AppStore|iPhone.Build.0 = Release|Any CPU
		{0C8E3309-3657-4240-86FF-0FB629253B56}.AppStore|iPhoneSimulator.ActiveCfg = Release|Any CPU
		{0C8E3309-3657-4240-86FF-0FB629253B56}.AppStore|iPhoneSimulator.Build.0 = Release|Any CPU
		{0C8E3309-3657-4240-86FF-0FB629253B56}.AppStore|x64.ActiveCfg = Release|Any CPU
		{0C8E3309-3657-4240-86FF-0FB629253B56}.AppStore|x64.Build.0 = Release|Any CPU
		{0C8E3309-3657-4240-86FF-0FB629253B56}.AppStore|x86.ActiveCfg = Release|Any CPU
		{0C8E3309-3657-4240-86FF-0FB629253B56}.AppStore|x86.Build.0 = Release|Any CPU
		{0C8E3309-3657-4240-86FF-0FB629253B56}.Debug|Any CPU.ActiveCfg = Debug|Any CPU
		{0C8E3309-3657-4240-86FF-0FB629253B56}.Debug|Any CPU.Build.0 = Debug|Any CPU
		{0C8E3309-3657-4240-86FF-0FB629253B56}.Debug|ARM.ActiveCfg = Debug|Any CPU
		{0C8E3309-3657-4240-86FF-0FB629253B56}.Debug|ARM.Build.0 = Debug|Any CPU
		{0C8E3309-3657-4240-86FF-0FB629253B56}.Debug|iPhone.ActiveCfg = Debug|Any CPU
		{0C8E3309-3657-4240-86FF-0FB629253B56}.Debug|iPhone.Build.0 = Debug|Any CPU
		{0C8E3309-3657-4240-86FF-0FB629253B56}.Debug|iPhoneSimulator.ActiveCfg = Debug|Any CPU
		{0C8E3309-3657-4240-86FF-0FB629253B56}.Debug|iPhoneSimulator.Build.0 = Debug|Any CPU
		{0C8E3309-3657-4240-86FF-0FB629253B56}.Debug|x64.ActiveCfg = Debug|Any CPU
		{0C8E3309-3657-4240-86FF-0FB629253B56}.Debug|x64.Build.0 = Debug|Any CPU
		{0C8E3309-3657-4240-86FF-0FB629253B56}.Debug|x86.ActiveCfg = Debug|Any CPU
		{0C8E3309-3657-4240-86FF-0FB629253B56}.Debug|x86.Build.0 = Debug|Any CPU
		{0C8E3309-3657-4240-86FF-0FB629253B56}.Release|Any CPU.ActiveCfg = Release|Any CPU
		{0C8E3309-3657-4240-86FF-0FB629253B56}.Release|Any CPU.Build.0 = Release|Any CPU
		{0C8E3309-3657-4240-86FF-0FB629253B56}.Release|ARM.ActiveCfg = Release|Any CPU
		{0C8E3309-3657-4240-86FF-0FB629253B56}.Release|ARM.Build.0 = Release|Any CPU
		{0C8E3309-3657-4240-86FF-0FB629253B56}.Release|iPhone.ActiveCfg = Release|Any CPU
		{0C8E3309-3657-4240-86FF-0FB629253B56}.Release|iPhone.Build.0 = Release|Any CPU
		{0C8E3309-3657-4240-86FF-0FB629253B56}.Release|iPhoneSimulator.ActiveCfg = Release|Any CPU
		{0C8E3309-3657-4240-86FF-0FB629253B56}.Release|iPhoneSimulator.Build.0 = Release|Any CPU
		{0C8E3309-3657-4240-86FF-0FB629253B56}.Release|x64.ActiveCfg = Release|Any CPU
		{0C8E3309-3657-4240-86FF-0FB629253B56}.Release|x64.Build.0 = Release|Any CPU
		{0C8E3309-3657-4240-86FF-0FB629253B56}.Release|x86.ActiveCfg = Release|Any CPU
		{0C8E3309-3657-4240-86FF-0FB629253B56}.Release|x86.Build.0 = Release|Any CPU
		{063029D4-D28D-4DBD-BC6F-5A494D03894E}.AppStore|Any CPU.ActiveCfg = AppStore|Any CPU
		{063029D4-D28D-4DBD-BC6F-5A494D03894E}.AppStore|Any CPU.Build.0 = AppStore|Any CPU
		{063029D4-D28D-4DBD-BC6F-5A494D03894E}.AppStore|ARM.ActiveCfg = AppStore|Any CPU
		{063029D4-D28D-4DBD-BC6F-5A494D03894E}.AppStore|ARM.Build.0 = AppStore|Any CPU
		{063029D4-D28D-4DBD-BC6F-5A494D03894E}.AppStore|iPhone.ActiveCfg = AppStore|Any CPU
		{063029D4-D28D-4DBD-BC6F-5A494D03894E}.AppStore|iPhone.Build.0 = AppStore|Any CPU
		{063029D4-D28D-4DBD-BC6F-5A494D03894E}.AppStore|iPhoneSimulator.ActiveCfg = AppStore|Any CPU
		{063029D4-D28D-4DBD-BC6F-5A494D03894E}.AppStore|iPhoneSimulator.Build.0 = AppStore|Any CPU
		{063029D4-D28D-4DBD-BC6F-5A494D03894E}.AppStore|x64.ActiveCfg = AppStore|Any CPU
		{063029D4-D28D-4DBD-BC6F-5A494D03894E}.AppStore|x64.Build.0 = AppStore|Any CPU
		{063029D4-D28D-4DBD-BC6F-5A494D03894E}.AppStore|x86.ActiveCfg = AppStore|Any CPU
		{063029D4-D28D-4DBD-BC6F-5A494D03894E}.AppStore|x86.Build.0 = AppStore|Any CPU
		{063029D4-D28D-4DBD-BC6F-5A494D03894E}.Debug|Any CPU.ActiveCfg = Debug|Any CPU
		{063029D4-D28D-4DBD-BC6F-5A494D03894E}.Debug|Any CPU.Build.0 = Debug|Any CPU
		{063029D4-D28D-4DBD-BC6F-5A494D03894E}.Debug|ARM.ActiveCfg = Debug|Any CPU
		{063029D4-D28D-4DBD-BC6F-5A494D03894E}.Debug|ARM.Build.0 = Debug|Any CPU
		{063029D4-D28D-4DBD-BC6F-5A494D03894E}.Debug|iPhone.ActiveCfg = Debug|Any CPU
		{063029D4-D28D-4DBD-BC6F-5A494D03894E}.Debug|iPhone.Build.0 = Debug|Any CPU
		{063029D4-D28D-4DBD-BC6F-5A494D03894E}.Debug|iPhoneSimulator.ActiveCfg = Debug|Any CPU
		{063029D4-D28D-4DBD-BC6F-5A494D03894E}.Debug|iPhoneSimulator.Build.0 = Debug|Any CPU
		{063029D4-D28D-4DBD-BC6F-5A494D03894E}.Debug|x64.ActiveCfg = Debug|Any CPU
		{063029D4-D28D-4DBD-BC6F-5A494D03894E}.Debug|x64.Build.0 = Debug|Any CPU
		{063029D4-D28D-4DBD-BC6F-5A494D03894E}.Debug|x86.ActiveCfg = Debug|Any CPU
		{063029D4-D28D-4DBD-BC6F-5A494D03894E}.Debug|x86.Build.0 = Debug|Any CPU
		{063029D4-D28D-4DBD-BC6F-5A494D03894E}.Release|Any CPU.ActiveCfg = Release|Any CPU
		{063029D4-D28D-4DBD-BC6F-5A494D03894E}.Release|Any CPU.Build.0 = Release|Any CPU
		{063029D4-D28D-4DBD-BC6F-5A494D03894E}.Release|ARM.ActiveCfg = Release|Any CPU
		{063029D4-D28D-4DBD-BC6F-5A494D03894E}.Release|ARM.Build.0 = Release|Any CPU
		{063029D4-D28D-4DBD-BC6F-5A494D03894E}.Release|iPhone.ActiveCfg = Release|Any CPU
		{063029D4-D28D-4DBD-BC6F-5A494D03894E}.Release|iPhone.Build.0 = Release|Any CPU
		{063029D4-D28D-4DBD-BC6F-5A494D03894E}.Release|iPhoneSimulator.ActiveCfg = Release|Any CPU
		{063029D4-D28D-4DBD-BC6F-5A494D03894E}.Release|iPhoneSimulator.Build.0 = Release|Any CPU
		{063029D4-D28D-4DBD-BC6F-5A494D03894E}.Release|x64.ActiveCfg = Release|Any CPU
		{063029D4-D28D-4DBD-BC6F-5A494D03894E}.Release|x64.Build.0 = Release|Any CPU
		{063029D4-D28D-4DBD-BC6F-5A494D03894E}.Release|x86.ActiveCfg = Release|Any CPU
		{063029D4-D28D-4DBD-BC6F-5A494D03894E}.Release|x86.Build.0 = Release|Any CPU
		{CE0619ED-CDF9-4EF4-90F0-8133054D0AED}.AppStore|Any CPU.ActiveCfg = Release|Any CPU
		{CE0619ED-CDF9-4EF4-90F0-8133054D0AED}.AppStore|Any CPU.Build.0 = Release|Any CPU
		{CE0619ED-CDF9-4EF4-90F0-8133054D0AED}.AppStore|ARM.ActiveCfg = Release|Any CPU
		{CE0619ED-CDF9-4EF4-90F0-8133054D0AED}.AppStore|ARM.Build.0 = Release|Any CPU
		{CE0619ED-CDF9-4EF4-90F0-8133054D0AED}.AppStore|iPhone.ActiveCfg = Release|Any CPU
		{CE0619ED-CDF9-4EF4-90F0-8133054D0AED}.AppStore|iPhone.Build.0 = Release|Any CPU
		{CE0619ED-CDF9-4EF4-90F0-8133054D0AED}.AppStore|iPhoneSimulator.ActiveCfg = Release|Any CPU
		{CE0619ED-CDF9-4EF4-90F0-8133054D0AED}.AppStore|iPhoneSimulator.Build.0 = Release|Any CPU
		{CE0619ED-CDF9-4EF4-90F0-8133054D0AED}.AppStore|x64.ActiveCfg = Release|Any CPU
		{CE0619ED-CDF9-4EF4-90F0-8133054D0AED}.AppStore|x64.Build.0 = Release|Any CPU
		{CE0619ED-CDF9-4EF4-90F0-8133054D0AED}.AppStore|x86.ActiveCfg = Release|Any CPU
		{CE0619ED-CDF9-4EF4-90F0-8133054D0AED}.AppStore|x86.Build.0 = Release|Any CPU
		{CE0619ED-CDF9-4EF4-90F0-8133054D0AED}.Debug|Any CPU.ActiveCfg = Debug|Any CPU
		{CE0619ED-CDF9-4EF4-90F0-8133054D0AED}.Debug|Any CPU.Build.0 = Debug|Any CPU
		{CE0619ED-CDF9-4EF4-90F0-8133054D0AED}.Debug|ARM.ActiveCfg = Debug|Any CPU
		{CE0619ED-CDF9-4EF4-90F0-8133054D0AED}.Debug|ARM.Build.0 = Debug|Any CPU
		{CE0619ED-CDF9-4EF4-90F0-8133054D0AED}.Debug|iPhone.ActiveCfg = Debug|Any CPU
		{CE0619ED-CDF9-4EF4-90F0-8133054D0AED}.Debug|iPhone.Build.0 = Debug|Any CPU
		{CE0619ED-CDF9-4EF4-90F0-8133054D0AED}.Debug|iPhoneSimulator.ActiveCfg = Debug|Any CPU
		{CE0619ED-CDF9-4EF4-90F0-8133054D0AED}.Debug|iPhoneSimulator.Build.0 = Debug|Any CPU
		{CE0619ED-CDF9-4EF4-90F0-8133054D0AED}.Debug|x64.ActiveCfg = Debug|Any CPU
		{CE0619ED-CDF9-4EF4-90F0-8133054D0AED}.Debug|x64.Build.0 = Debug|Any CPU
		{CE0619ED-CDF9-4EF4-90F0-8133054D0AED}.Debug|x86.ActiveCfg = Debug|Any CPU
		{CE0619ED-CDF9-4EF4-90F0-8133054D0AED}.Debug|x86.Build.0 = Debug|Any CPU
		{CE0619ED-CDF9-4EF4-90F0-8133054D0AED}.Release|Any CPU.ActiveCfg = Release|Any CPU
		{CE0619ED-CDF9-4EF4-90F0-8133054D0AED}.Release|Any CPU.Build.0 = Release|Any CPU
		{CE0619ED-CDF9-4EF4-90F0-8133054D0AED}.Release|ARM.ActiveCfg = Release|Any CPU
		{CE0619ED-CDF9-4EF4-90F0-8133054D0AED}.Release|ARM.Build.0 = Release|Any CPU
		{CE0619ED-CDF9-4EF4-90F0-8133054D0AED}.Release|iPhone.ActiveCfg = Release|Any CPU
		{CE0619ED-CDF9-4EF4-90F0-8133054D0AED}.Release|iPhone.Build.0 = Release|Any CPU
		{CE0619ED-CDF9-4EF4-90F0-8133054D0AED}.Release|iPhoneSimulator.ActiveCfg = Release|Any CPU
		{CE0619ED-CDF9-4EF4-90F0-8133054D0AED}.Release|iPhoneSimulator.Build.0 = Release|Any CPU
		{CE0619ED-CDF9-4EF4-90F0-8133054D0AED}.Release|x64.ActiveCfg = Release|Any CPU
		{CE0619ED-CDF9-4EF4-90F0-8133054D0AED}.Release|x64.Build.0 = Release|Any CPU
		{CE0619ED-CDF9-4EF4-90F0-8133054D0AED}.Release|x86.ActiveCfg = Release|Any CPU
		{CE0619ED-CDF9-4EF4-90F0-8133054D0AED}.Release|x86.Build.0 = Release|Any CPU
		{6C1A72D9-8FC0-48B0-B763-0EF70257A972}.AppStore|Any CPU.ActiveCfg = Release|Any CPU
		{6C1A72D9-8FC0-48B0-B763-0EF70257A972}.AppStore|Any CPU.Build.0 = Release|Any CPU
		{6C1A72D9-8FC0-48B0-B763-0EF70257A972}.AppStore|ARM.ActiveCfg = Release|ARM
		{6C1A72D9-8FC0-48B0-B763-0EF70257A972}.AppStore|ARM.Build.0 = Release|ARM
		{6C1A72D9-8FC0-48B0-B763-0EF70257A972}.AppStore|iPhone.ActiveCfg = Release|Any CPU
		{6C1A72D9-8FC0-48B0-B763-0EF70257A972}.AppStore|iPhone.Build.0 = Release|Any CPU
		{6C1A72D9-8FC0-48B0-B763-0EF70257A972}.AppStore|iPhoneSimulator.ActiveCfg = Release|Any CPU
		{6C1A72D9-8FC0-48B0-B763-0EF70257A972}.AppStore|iPhoneSimulator.Build.0 = Release|Any CPU
		{6C1A72D9-8FC0-48B0-B763-0EF70257A972}.AppStore|x64.ActiveCfg = Release|x64
		{6C1A72D9-8FC0-48B0-B763-0EF70257A972}.AppStore|x64.Build.0 = Release|x64
		{6C1A72D9-8FC0-48B0-B763-0EF70257A972}.AppStore|x86.ActiveCfg = Release|x86
		{6C1A72D9-8FC0-48B0-B763-0EF70257A972}.AppStore|x86.Build.0 = Release|x86
		{6C1A72D9-8FC0-48B0-B763-0EF70257A972}.Debug|Any CPU.ActiveCfg = Debug|Any CPU
		{6C1A72D9-8FC0-48B0-B763-0EF70257A972}.Debug|Any CPU.Build.0 = Debug|Any CPU
		{6C1A72D9-8FC0-48B0-B763-0EF70257A972}.Debug|ARM.ActiveCfg = Debug|ARM
		{6C1A72D9-8FC0-48B0-B763-0EF70257A972}.Debug|ARM.Build.0 = Debug|ARM
		{6C1A72D9-8FC0-48B0-B763-0EF70257A972}.Debug|iPhone.ActiveCfg = Debug|Any CPU
		{6C1A72D9-8FC0-48B0-B763-0EF70257A972}.Debug|iPhone.Build.0 = Debug|Any CPU
		{6C1A72D9-8FC0-48B0-B763-0EF70257A972}.Debug|iPhoneSimulator.ActiveCfg = Debug|Any CPU
		{6C1A72D9-8FC0-48B0-B763-0EF70257A972}.Debug|iPhoneSimulator.Build.0 = Debug|Any CPU
		{6C1A72D9-8FC0-48B0-B763-0EF70257A972}.Debug|x64.ActiveCfg = Debug|x64
		{6C1A72D9-8FC0-48B0-B763-0EF70257A972}.Debug|x64.Build.0 = Debug|x64
		{6C1A72D9-8FC0-48B0-B763-0EF70257A972}.Debug|x86.ActiveCfg = Debug|x86
		{6C1A72D9-8FC0-48B0-B763-0EF70257A972}.Debug|x86.Build.0 = Debug|x86
		{6C1A72D9-8FC0-48B0-B763-0EF70257A972}.Release|Any CPU.ActiveCfg = Release|Any CPU
		{6C1A72D9-8FC0-48B0-B763-0EF70257A972}.Release|Any CPU.Build.0 = Release|Any CPU
		{6C1A72D9-8FC0-48B0-B763-0EF70257A972}.Release|ARM.ActiveCfg = Release|ARM
		{6C1A72D9-8FC0-48B0-B763-0EF70257A972}.Release|ARM.Build.0 = Release|ARM
		{6C1A72D9-8FC0-48B0-B763-0EF70257A972}.Release|iPhone.ActiveCfg = Release|Any CPU
		{6C1A72D9-8FC0-48B0-B763-0EF70257A972}.Release|iPhone.Build.0 = Release|Any CPU
		{6C1A72D9-8FC0-48B0-B763-0EF70257A972}.Release|iPhoneSimulator.ActiveCfg = Release|Any CPU
		{6C1A72D9-8FC0-48B0-B763-0EF70257A972}.Release|iPhoneSimulator.Build.0 = Release|Any CPU
		{6C1A72D9-8FC0-48B0-B763-0EF70257A972}.Release|x64.ActiveCfg = Release|x64
		{6C1A72D9-8FC0-48B0-B763-0EF70257A972}.Release|x64.Build.0 = Release|x64
		{6C1A72D9-8FC0-48B0-B763-0EF70257A972}.Release|x86.ActiveCfg = Release|x86
		{6C1A72D9-8FC0-48B0-B763-0EF70257A972}.Release|x86.Build.0 = Release|x86
		{B358EDFB-209C-4456-8277-1DEAB5AE39F5}.AppStore|Any CPU.ActiveCfg = Release|Any CPU
		{B358EDFB-209C-4456-8277-1DEAB5AE39F5}.AppStore|Any CPU.Build.0 = Release|Any CPU
		{B358EDFB-209C-4456-8277-1DEAB5AE39F5}.AppStore|ARM.ActiveCfg = Release|ARM
		{B358EDFB-209C-4456-8277-1DEAB5AE39F5}.AppStore|ARM.Build.0 = Release|ARM
		{B358EDFB-209C-4456-8277-1DEAB5AE39F5}.AppStore|iPhone.ActiveCfg = Release|Any CPU
		{B358EDFB-209C-4456-8277-1DEAB5AE39F5}.AppStore|iPhone.Build.0 = Release|Any CPU
		{B358EDFB-209C-4456-8277-1DEAB5AE39F5}.AppStore|iPhoneSimulator.ActiveCfg = Release|Any CPU
		{B358EDFB-209C-4456-8277-1DEAB5AE39F5}.AppStore|iPhoneSimulator.Build.0 = Release|Any CPU
		{B358EDFB-209C-4456-8277-1DEAB5AE39F5}.AppStore|x64.ActiveCfg = Release|Any CPU
		{B358EDFB-209C-4456-8277-1DEAB5AE39F5}.AppStore|x64.Build.0 = Release|Any CPU
		{B358EDFB-209C-4456-8277-1DEAB5AE39F5}.AppStore|x86.ActiveCfg = Release|x86
		{B358EDFB-209C-4456-8277-1DEAB5AE39F5}.AppStore|x86.Build.0 = Release|x86
		{B358EDFB-209C-4456-8277-1DEAB5AE39F5}.Debug|Any CPU.ActiveCfg = Debug|Any CPU
		{B358EDFB-209C-4456-8277-1DEAB5AE39F5}.Debug|Any CPU.Build.0 = Debug|Any CPU
		{B358EDFB-209C-4456-8277-1DEAB5AE39F5}.Debug|ARM.ActiveCfg = Debug|ARM
		{B358EDFB-209C-4456-8277-1DEAB5AE39F5}.Debug|ARM.Build.0 = Debug|ARM
		{B358EDFB-209C-4456-8277-1DEAB5AE39F5}.Debug|iPhone.ActiveCfg = Debug|Any CPU
		{B358EDFB-209C-4456-8277-1DEAB5AE39F5}.Debug|iPhone.Build.0 = Debug|Any CPU
		{B358EDFB-209C-4456-8277-1DEAB5AE39F5}.Debug|iPhoneSimulator.ActiveCfg = Debug|Any CPU
		{B358EDFB-209C-4456-8277-1DEAB5AE39F5}.Debug|iPhoneSimulator.Build.0 = Debug|Any CPU
		{B358EDFB-209C-4456-8277-1DEAB5AE39F5}.Debug|x64.ActiveCfg = Debug|Any CPU
		{B358EDFB-209C-4456-8277-1DEAB5AE39F5}.Debug|x64.Build.0 = Debug|Any CPU
		{B358EDFB-209C-4456-8277-1DEAB5AE39F5}.Debug|x86.ActiveCfg = Debug|x86
		{B358EDFB-209C-4456-8277-1DEAB5AE39F5}.Debug|x86.Build.0 = Debug|x86
		{B358EDFB-209C-4456-8277-1DEAB5AE39F5}.Release|Any CPU.ActiveCfg = Release|Any CPU
		{B358EDFB-209C-4456-8277-1DEAB5AE39F5}.Release|Any CPU.Build.0 = Release|Any CPU
		{B358EDFB-209C-4456-8277-1DEAB5AE39F5}.Release|ARM.ActiveCfg = Release|ARM
		{B358EDFB-209C-4456-8277-1DEAB5AE39F5}.Release|ARM.Build.0 = Release|ARM
		{B358EDFB-209C-4456-8277-1DEAB5AE39F5}.Release|iPhone.ActiveCfg = Release|Any CPU
		{B358EDFB-209C-4456-8277-1DEAB5AE39F5}.Release|iPhone.Build.0 = Release|Any CPU
		{B358EDFB-209C-4456-8277-1DEAB5AE39F5}.Release|iPhoneSimulator.ActiveCfg = Release|Any CPU
		{B358EDFB-209C-4456-8277-1DEAB5AE39F5}.Release|iPhoneSimulator.Build.0 = Release|Any CPU
		{B358EDFB-209C-4456-8277-1DEAB5AE39F5}.Release|x64.ActiveCfg = Release|Any CPU
		{B358EDFB-209C-4456-8277-1DEAB5AE39F5}.Release|x64.Build.0 = Release|Any CPU
		{B358EDFB-209C-4456-8277-1DEAB5AE39F5}.Release|x86.ActiveCfg = Release|x86
		{B358EDFB-209C-4456-8277-1DEAB5AE39F5}.Release|x86.Build.0 = Release|x86
		{140AE1AC-C314-4330-A7A3-14923B2DA49E}.AppStore|Any CPU.ActiveCfg = Release|Any CPU
		{140AE1AC-C314-4330-A7A3-14923B2DA49E}.AppStore|Any CPU.Build.0 = Release|Any CPU
		{140AE1AC-C314-4330-A7A3-14923B2DA49E}.AppStore|ARM.ActiveCfg = Release|Any CPU
		{140AE1AC-C314-4330-A7A3-14923B2DA49E}.AppStore|ARM.Build.0 = Release|Any CPU
		{140AE1AC-C314-4330-A7A3-14923B2DA49E}.AppStore|iPhone.ActiveCfg = Release|Any CPU
		{140AE1AC-C314-4330-A7A3-14923B2DA49E}.AppStore|iPhone.Build.0 = Release|Any CPU
		{140AE1AC-C314-4330-A7A3-14923B2DA49E}.AppStore|iPhoneSimulator.ActiveCfg = Release|Any CPU
		{140AE1AC-C314-4330-A7A3-14923B2DA49E}.AppStore|iPhoneSimulator.Build.0 = Release|Any CPU
		{140AE1AC-C314-4330-A7A3-14923B2DA49E}.AppStore|x64.ActiveCfg = Release|Any CPU
		{140AE1AC-C314-4330-A7A3-14923B2DA49E}.AppStore|x64.Build.0 = Release|Any CPU
		{140AE1AC-C314-4330-A7A3-14923B2DA49E}.AppStore|x86.ActiveCfg = Release|Any CPU
		{140AE1AC-C314-4330-A7A3-14923B2DA49E}.AppStore|x86.Build.0 = Release|Any CPU
		{140AE1AC-C314-4330-A7A3-14923B2DA49E}.Debug|Any CPU.ActiveCfg = Debug|Any CPU
		{140AE1AC-C314-4330-A7A3-14923B2DA49E}.Debug|Any CPU.Build.0 = Debug|Any CPU
		{140AE1AC-C314-4330-A7A3-14923B2DA49E}.Debug|ARM.ActiveCfg = Debug|Any CPU
		{140AE1AC-C314-4330-A7A3-14923B2DA49E}.Debug|ARM.Build.0 = Debug|Any CPU
		{140AE1AC-C314-4330-A7A3-14923B2DA49E}.Debug|iPhone.ActiveCfg = Debug|Any CPU
		{140AE1AC-C314-4330-A7A3-14923B2DA49E}.Debug|iPhone.Build.0 = Debug|Any CPU
		{140AE1AC-C314-4330-A7A3-14923B2DA49E}.Debug|iPhoneSimulator.ActiveCfg = Debug|Any CPU
		{140AE1AC-C314-4330-A7A3-14923B2DA49E}.Debug|iPhoneSimulator.Build.0 = Debug|Any CPU
		{140AE1AC-C314-4330-A7A3-14923B2DA49E}.Debug|x64.ActiveCfg = Debug|Any CPU
		{140AE1AC-C314-4330-A7A3-14923B2DA49E}.Debug|x64.Build.0 = Debug|Any CPU
		{140AE1AC-C314-4330-A7A3-14923B2DA49E}.Debug|x86.ActiveCfg = Debug|Any CPU
		{140AE1AC-C314-4330-A7A3-14923B2DA49E}.Debug|x86.Build.0 = Debug|Any CPU
		{140AE1AC-C314-4330-A7A3-14923B2DA49E}.Release|Any CPU.ActiveCfg = Release|Any CPU
		{140AE1AC-C314-4330-A7A3-14923B2DA49E}.Release|Any CPU.Build.0 = Release|Any CPU
		{140AE1AC-C314-4330-A7A3-14923B2DA49E}.Release|ARM.ActiveCfg = Release|Any CPU
		{140AE1AC-C314-4330-A7A3-14923B2DA49E}.Release|ARM.Build.0 = Release|Any CPU
		{140AE1AC-C314-4330-A7A3-14923B2DA49E}.Release|iPhone.ActiveCfg = Release|Any CPU
		{140AE1AC-C314-4330-A7A3-14923B2DA49E}.Release|iPhone.Build.0 = Release|Any CPU
		{140AE1AC-C314-4330-A7A3-14923B2DA49E}.Release|iPhoneSimulator.ActiveCfg = Release|Any CPU
		{140AE1AC-C314-4330-A7A3-14923B2DA49E}.Release|iPhoneSimulator.Build.0 = Release|Any CPU
		{140AE1AC-C314-4330-A7A3-14923B2DA49E}.Release|x64.ActiveCfg = Release|Any CPU
		{140AE1AC-C314-4330-A7A3-14923B2DA49E}.Release|x64.Build.0 = Release|Any CPU
		{140AE1AC-C314-4330-A7A3-14923B2DA49E}.Release|x86.ActiveCfg = Release|Any CPU
		{140AE1AC-C314-4330-A7A3-14923B2DA49E}.Release|x86.Build.0 = Release|Any CPU
		{7440A7B3-C0FB-4A0E-859F-7233D4BE7576}.AppStore|Any CPU.ActiveCfg = Release|Any CPU
		{7440A7B3-C0FB-4A0E-859F-7233D4BE7576}.AppStore|Any CPU.Build.0 = Release|Any CPU
		{7440A7B3-C0FB-4A0E-859F-7233D4BE7576}.AppStore|Any CPU.Deploy.0 = Release|Any CPU
		{7440A7B3-C0FB-4A0E-859F-7233D4BE7576}.AppStore|ARM.ActiveCfg = Release|Any CPU
		{7440A7B3-C0FB-4A0E-859F-7233D4BE7576}.AppStore|ARM.Build.0 = Release|Any CPU
		{7440A7B3-C0FB-4A0E-859F-7233D4BE7576}.AppStore|ARM.Deploy.0 = Release|Any CPU
		{7440A7B3-C0FB-4A0E-859F-7233D4BE7576}.AppStore|iPhone.ActiveCfg = Release|Any CPU
		{7440A7B3-C0FB-4A0E-859F-7233D4BE7576}.AppStore|iPhone.Build.0 = Release|Any CPU
		{7440A7B3-C0FB-4A0E-859F-7233D4BE7576}.AppStore|iPhone.Deploy.0 = Release|Any CPU
		{7440A7B3-C0FB-4A0E-859F-7233D4BE7576}.AppStore|iPhoneSimulator.ActiveCfg = Release|Any CPU
		{7440A7B3-C0FB-4A0E-859F-7233D4BE7576}.AppStore|iPhoneSimulator.Build.0 = Release|Any CPU
		{7440A7B3-C0FB-4A0E-859F-7233D4BE7576}.AppStore|iPhoneSimulator.Deploy.0 = Release|Any CPU
		{7440A7B3-C0FB-4A0E-859F-7233D4BE7576}.AppStore|x64.ActiveCfg = Release|Any CPU
		{7440A7B3-C0FB-4A0E-859F-7233D4BE7576}.AppStore|x64.Build.0 = Release|Any CPU
		{7440A7B3-C0FB-4A0E-859F-7233D4BE7576}.AppStore|x64.Deploy.0 = Release|Any CPU
		{7440A7B3-C0FB-4A0E-859F-7233D4BE7576}.AppStore|x86.ActiveCfg = Release|Any CPU
		{7440A7B3-C0FB-4A0E-859F-7233D4BE7576}.AppStore|x86.Build.0 = Release|Any CPU
		{7440A7B3-C0FB-4A0E-859F-7233D4BE7576}.AppStore|x86.Deploy.0 = Release|Any CPU
		{7440A7B3-C0FB-4A0E-859F-7233D4BE7576}.Debug|Any CPU.ActiveCfg = Debug|Any CPU
		{7440A7B3-C0FB-4A0E-859F-7233D4BE7576}.Debug|Any CPU.Build.0 = Debug|Any CPU
		{7440A7B3-C0FB-4A0E-859F-7233D4BE7576}.Debug|Any CPU.Deploy.0 = Debug|Any CPU
		{7440A7B3-C0FB-4A0E-859F-7233D4BE7576}.Debug|ARM.ActiveCfg = Debug|Any CPU
		{7440A7B3-C0FB-4A0E-859F-7233D4BE7576}.Debug|ARM.Build.0 = Debug|Any CPU
		{7440A7B3-C0FB-4A0E-859F-7233D4BE7576}.Debug|ARM.Deploy.0 = Debug|Any CPU
		{7440A7B3-C0FB-4A0E-859F-7233D4BE7576}.Debug|iPhone.ActiveCfg = Debug|Any CPU
		{7440A7B3-C0FB-4A0E-859F-7233D4BE7576}.Debug|iPhone.Build.0 = Debug|Any CPU
		{7440A7B3-C0FB-4A0E-859F-7233D4BE7576}.Debug|iPhone.Deploy.0 = Debug|Any CPU
		{7440A7B3-C0FB-4A0E-859F-7233D4BE7576}.Debug|iPhoneSimulator.ActiveCfg = Debug|Any CPU
		{7440A7B3-C0FB-4A0E-859F-7233D4BE7576}.Debug|iPhoneSimulator.Build.0 = Debug|Any CPU
		{7440A7B3-C0FB-4A0E-859F-7233D4BE7576}.Debug|iPhoneSimulator.Deploy.0 = Debug|Any CPU
		{7440A7B3-C0FB-4A0E-859F-7233D4BE7576}.Debug|x64.ActiveCfg = Debug|Any CPU
		{7440A7B3-C0FB-4A0E-859F-7233D4BE7576}.Debug|x64.Build.0 = Debug|Any CPU
		{7440A7B3-C0FB-4A0E-859F-7233D4BE7576}.Debug|x64.Deploy.0 = Debug|Any CPU
		{7440A7B3-C0FB-4A0E-859F-7233D4BE7576}.Debug|x86.ActiveCfg = Debug|Any CPU
		{7440A7B3-C0FB-4A0E-859F-7233D4BE7576}.Debug|x86.Build.0 = Debug|Any CPU
		{7440A7B3-C0FB-4A0E-859F-7233D4BE7576}.Debug|x86.Deploy.0 = Debug|Any CPU
		{7440A7B3-C0FB-4A0E-859F-7233D4BE7576}.Release|Any CPU.ActiveCfg = Release|Any CPU
		{7440A7B3-C0FB-4A0E-859F-7233D4BE7576}.Release|Any CPU.Build.0 = Release|Any CPU
		{7440A7B3-C0FB-4A0E-859F-7233D4BE7576}.Release|Any CPU.Deploy.0 = Release|Any CPU
		{7440A7B3-C0FB-4A0E-859F-7233D4BE7576}.Release|ARM.ActiveCfg = Release|Any CPU
		{7440A7B3-C0FB-4A0E-859F-7233D4BE7576}.Release|ARM.Build.0 = Release|Any CPU
		{7440A7B3-C0FB-4A0E-859F-7233D4BE7576}.Release|ARM.Deploy.0 = Release|Any CPU
		{7440A7B3-C0FB-4A0E-859F-7233D4BE7576}.Release|iPhone.ActiveCfg = Release|Any CPU
		{7440A7B3-C0FB-4A0E-859F-7233D4BE7576}.Release|iPhone.Build.0 = Release|Any CPU
		{7440A7B3-C0FB-4A0E-859F-7233D4BE7576}.Release|iPhone.Deploy.0 = Release|Any CPU
		{7440A7B3-C0FB-4A0E-859F-7233D4BE7576}.Release|iPhoneSimulator.ActiveCfg = Release|Any CPU
		{7440A7B3-C0FB-4A0E-859F-7233D4BE7576}.Release|iPhoneSimulator.Build.0 = Release|Any CPU
		{7440A7B3-C0FB-4A0E-859F-7233D4BE7576}.Release|iPhoneSimulator.Deploy.0 = Release|Any CPU
		{7440A7B3-C0FB-4A0E-859F-7233D4BE7576}.Release|x64.ActiveCfg = Release|Any CPU
		{7440A7B3-C0FB-4A0E-859F-7233D4BE7576}.Release|x64.Build.0 = Release|Any CPU
		{7440A7B3-C0FB-4A0E-859F-7233D4BE7576}.Release|x64.Deploy.0 = Release|Any CPU
		{7440A7B3-C0FB-4A0E-859F-7233D4BE7576}.Release|x86.ActiveCfg = Release|Any CPU
		{7440A7B3-C0FB-4A0E-859F-7233D4BE7576}.Release|x86.Build.0 = Release|Any CPU
		{7440A7B3-C0FB-4A0E-859F-7233D4BE7576}.Release|x86.Deploy.0 = Release|Any CPU
		{F70DCA83-0AFF-4FB1-8D4A-8632B92CF4EC}.AppStore|Any CPU.ActiveCfg = AppStore|iPhone
		{F70DCA83-0AFF-4FB1-8D4A-8632B92CF4EC}.AppStore|Any CPU.Build.0 = AppStore|iPhone
		{F70DCA83-0AFF-4FB1-8D4A-8632B92CF4EC}.AppStore|ARM.ActiveCfg = AppStore|iPhone
		{F70DCA83-0AFF-4FB1-8D4A-8632B92CF4EC}.AppStore|iPhone.ActiveCfg = AppStore|iPhone
		{F70DCA83-0AFF-4FB1-8D4A-8632B92CF4EC}.AppStore|iPhone.Build.0 = AppStore|iPhone
		{F70DCA83-0AFF-4FB1-8D4A-8632B92CF4EC}.AppStore|iPhoneSimulator.ActiveCfg = AppStore|iPhoneSimulator
		{F70DCA83-0AFF-4FB1-8D4A-8632B92CF4EC}.AppStore|iPhoneSimulator.Build.0 = AppStore|iPhoneSimulator
		{F70DCA83-0AFF-4FB1-8D4A-8632B92CF4EC}.AppStore|x64.ActiveCfg = AppStore|iPhone
		{F70DCA83-0AFF-4FB1-8D4A-8632B92CF4EC}.AppStore|x86.ActiveCfg = AppStore|iPhone
		{F70DCA83-0AFF-4FB1-8D4A-8632B92CF4EC}.Debug|Any CPU.ActiveCfg = Debug|iPhone
		{F70DCA83-0AFF-4FB1-8D4A-8632B92CF4EC}.Debug|Any CPU.Build.0 = Debug|iPhone
		{F70DCA83-0AFF-4FB1-8D4A-8632B92CF4EC}.Debug|ARM.ActiveCfg = Debug|iPhone
		{F70DCA83-0AFF-4FB1-8D4A-8632B92CF4EC}.Debug|iPhone.ActiveCfg = Debug|iPhone
		{F70DCA83-0AFF-4FB1-8D4A-8632B92CF4EC}.Debug|iPhone.Build.0 = Debug|iPhone
		{F70DCA83-0AFF-4FB1-8D4A-8632B92CF4EC}.Debug|iPhoneSimulator.ActiveCfg = Debug|iPhoneSimulator
		{F70DCA83-0AFF-4FB1-8D4A-8632B92CF4EC}.Debug|iPhoneSimulator.Build.0 = Debug|iPhoneSimulator
		{F70DCA83-0AFF-4FB1-8D4A-8632B92CF4EC}.Debug|x64.ActiveCfg = Debug|iPhone
		{F70DCA83-0AFF-4FB1-8D4A-8632B92CF4EC}.Debug|x86.ActiveCfg = Debug|iPhone
		{F70DCA83-0AFF-4FB1-8D4A-8632B92CF4EC}.Release|Any CPU.ActiveCfg = Release|iPhone
		{F70DCA83-0AFF-4FB1-8D4A-8632B92CF4EC}.Release|ARM.ActiveCfg = Release|iPhone
		{F70DCA83-0AFF-4FB1-8D4A-8632B92CF4EC}.Release|iPhone.ActiveCfg = Release|iPhone
		{F70DCA83-0AFF-4FB1-8D4A-8632B92CF4EC}.Release|iPhone.Build.0 = Release|iPhone
		{F70DCA83-0AFF-4FB1-8D4A-8632B92CF4EC}.Release|iPhoneSimulator.ActiveCfg = Release|iPhoneSimulator
		{F70DCA83-0AFF-4FB1-8D4A-8632B92CF4EC}.Release|iPhoneSimulator.Build.0 = Release|iPhoneSimulator
		{F70DCA83-0AFF-4FB1-8D4A-8632B92CF4EC}.Release|x64.ActiveCfg = Release|iPhone
		{F70DCA83-0AFF-4FB1-8D4A-8632B92CF4EC}.Release|x86.ActiveCfg = Release|iPhone
		{B7D4E3BB-CB7D-40BB-829E-6AFD13B80FEC}.AppStore|Any CPU.ActiveCfg = Release|x64
		{B7D4E3BB-CB7D-40BB-829E-6AFD13B80FEC}.AppStore|Any CPU.Build.0 = Release|x64
		{B7D4E3BB-CB7D-40BB-829E-6AFD13B80FEC}.AppStore|Any CPU.Deploy.0 = Release|x64
		{B7D4E3BB-CB7D-40BB-829E-6AFD13B80FEC}.AppStore|ARM.ActiveCfg = Release|ARM
		{B7D4E3BB-CB7D-40BB-829E-6AFD13B80FEC}.AppStore|ARM.Build.0 = Release|ARM
		{B7D4E3BB-CB7D-40BB-829E-6AFD13B80FEC}.AppStore|ARM.Deploy.0 = Release|ARM
		{B7D4E3BB-CB7D-40BB-829E-6AFD13B80FEC}.AppStore|iPhone.ActiveCfg = Release|x64
		{B7D4E3BB-CB7D-40BB-829E-6AFD13B80FEC}.AppStore|iPhone.Build.0 = Release|x64
		{B7D4E3BB-CB7D-40BB-829E-6AFD13B80FEC}.AppStore|iPhone.Deploy.0 = Release|x64
		{B7D4E3BB-CB7D-40BB-829E-6AFD13B80FEC}.AppStore|iPhoneSimulator.ActiveCfg = Release|x64
		{B7D4E3BB-CB7D-40BB-829E-6AFD13B80FEC}.AppStore|iPhoneSimulator.Build.0 = Release|x64
		{B7D4E3BB-CB7D-40BB-829E-6AFD13B80FEC}.AppStore|iPhoneSimulator.Deploy.0 = Release|x64
		{B7D4E3BB-CB7D-40BB-829E-6AFD13B80FEC}.AppStore|x64.ActiveCfg = Release|x64
		{B7D4E3BB-CB7D-40BB-829E-6AFD13B80FEC}.AppStore|x64.Build.0 = Release|x64
		{B7D4E3BB-CB7D-40BB-829E-6AFD13B80FEC}.AppStore|x64.Deploy.0 = Release|x64
		{B7D4E3BB-CB7D-40BB-829E-6AFD13B80FEC}.AppStore|x86.ActiveCfg = Release|x86
		{B7D4E3BB-CB7D-40BB-829E-6AFD13B80FEC}.AppStore|x86.Build.0 = Release|x86
		{B7D4E3BB-CB7D-40BB-829E-6AFD13B80FEC}.AppStore|x86.Deploy.0 = Release|x86
		{B7D4E3BB-CB7D-40BB-829E-6AFD13B80FEC}.Debug|Any CPU.ActiveCfg = Debug|x86
		{B7D4E3BB-CB7D-40BB-829E-6AFD13B80FEC}.Debug|Any CPU.Build.0 = Debug|x86
		{B7D4E3BB-CB7D-40BB-829E-6AFD13B80FEC}.Debug|Any CPU.Deploy.0 = Debug|x86
		{B7D4E3BB-CB7D-40BB-829E-6AFD13B80FEC}.Debug|ARM.ActiveCfg = Debug|ARM
		{B7D4E3BB-CB7D-40BB-829E-6AFD13B80FEC}.Debug|ARM.Build.0 = Debug|ARM
		{B7D4E3BB-CB7D-40BB-829E-6AFD13B80FEC}.Debug|ARM.Deploy.0 = Debug|ARM
		{B7D4E3BB-CB7D-40BB-829E-6AFD13B80FEC}.Debug|iPhone.ActiveCfg = Debug|x86
		{B7D4E3BB-CB7D-40BB-829E-6AFD13B80FEC}.Debug|iPhoneSimulator.ActiveCfg = Debug|x86
		{B7D4E3BB-CB7D-40BB-829E-6AFD13B80FEC}.Debug|iPhoneSimulator.Build.0 = Debug|x86
		{B7D4E3BB-CB7D-40BB-829E-6AFD13B80FEC}.Debug|iPhoneSimulator.Deploy.0 = Debug|x86
		{B7D4E3BB-CB7D-40BB-829E-6AFD13B80FEC}.Debug|x64.ActiveCfg = Debug|x64
		{B7D4E3BB-CB7D-40BB-829E-6AFD13B80FEC}.Debug|x64.Build.0 = Debug|x64
		{B7D4E3BB-CB7D-40BB-829E-6AFD13B80FEC}.Debug|x64.Deploy.0 = Debug|x64
		{B7D4E3BB-CB7D-40BB-829E-6AFD13B80FEC}.Debug|x86.ActiveCfg = Debug|x86
		{B7D4E3BB-CB7D-40BB-829E-6AFD13B80FEC}.Debug|x86.Build.0 = Debug|x86
		{B7D4E3BB-CB7D-40BB-829E-6AFD13B80FEC}.Debug|x86.Deploy.0 = Debug|x86
		{B7D4E3BB-CB7D-40BB-829E-6AFD13B80FEC}.Release|Any CPU.ActiveCfg = Release|x86
		{B7D4E3BB-CB7D-40BB-829E-6AFD13B80FEC}.Release|ARM.ActiveCfg = Release|ARM
		{B7D4E3BB-CB7D-40BB-829E-6AFD13B80FEC}.Release|ARM.Build.0 = Release|ARM
		{B7D4E3BB-CB7D-40BB-829E-6AFD13B80FEC}.Release|ARM.Deploy.0 = Release|ARM
		{B7D4E3BB-CB7D-40BB-829E-6AFD13B80FEC}.Release|iPhone.ActiveCfg = Release|x86
		{B7D4E3BB-CB7D-40BB-829E-6AFD13B80FEC}.Release|iPhoneSimulator.ActiveCfg = Release|x86
		{B7D4E3BB-CB7D-40BB-829E-6AFD13B80FEC}.Release|iPhoneSimulator.Build.0 = Release|x86
		{B7D4E3BB-CB7D-40BB-829E-6AFD13B80FEC}.Release|iPhoneSimulator.Deploy.0 = Release|x86
		{B7D4E3BB-CB7D-40BB-829E-6AFD13B80FEC}.Release|x64.ActiveCfg = Release|x64
		{B7D4E3BB-CB7D-40BB-829E-6AFD13B80FEC}.Release|x64.Build.0 = Release|x64
		{B7D4E3BB-CB7D-40BB-829E-6AFD13B80FEC}.Release|x64.Deploy.0 = Release|x64
		{B7D4E3BB-CB7D-40BB-829E-6AFD13B80FEC}.Release|x86.ActiveCfg = Release|x86
		{B7D4E3BB-CB7D-40BB-829E-6AFD13B80FEC}.Release|x86.Build.0 = Release|x86
		{B7D4E3BB-CB7D-40BB-829E-6AFD13B80FEC}.Release|x86.Deploy.0 = Release|x86
		{D29069E0-58EC-42CF-A776-100B4047A762}.AppStore|Any CPU.ActiveCfg = Release|Any CPU
		{D29069E0-58EC-42CF-A776-100B4047A762}.AppStore|Any CPU.Build.0 = Release|Any CPU
		{D29069E0-58EC-42CF-A776-100B4047A762}.AppStore|ARM.ActiveCfg = Release|Any CPU
		{D29069E0-58EC-42CF-A776-100B4047A762}.AppStore|ARM.Build.0 = Release|Any CPU
		{D29069E0-58EC-42CF-A776-100B4047A762}.AppStore|iPhone.ActiveCfg = Release|Any CPU
		{D29069E0-58EC-42CF-A776-100B4047A762}.AppStore|iPhone.Build.0 = Release|Any CPU
		{D29069E0-58EC-42CF-A776-100B4047A762}.AppStore|iPhoneSimulator.ActiveCfg = Release|Any CPU
		{D29069E0-58EC-42CF-A776-100B4047A762}.AppStore|iPhoneSimulator.Build.0 = Release|Any CPU
		{D29069E0-58EC-42CF-A776-100B4047A762}.AppStore|x64.ActiveCfg = Release|Any CPU
		{D29069E0-58EC-42CF-A776-100B4047A762}.AppStore|x64.Build.0 = Release|Any CPU
		{D29069E0-58EC-42CF-A776-100B4047A762}.AppStore|x86.ActiveCfg = Release|Any CPU
		{D29069E0-58EC-42CF-A776-100B4047A762}.AppStore|x86.Build.0 = Release|Any CPU
		{D29069E0-58EC-42CF-A776-100B4047A762}.Debug|Any CPU.ActiveCfg = Debug|Any CPU
		{D29069E0-58EC-42CF-A776-100B4047A762}.Debug|Any CPU.Build.0 = Debug|Any CPU
		{D29069E0-58EC-42CF-A776-100B4047A762}.Debug|ARM.ActiveCfg = Debug|Any CPU
		{D29069E0-58EC-42CF-A776-100B4047A762}.Debug|ARM.Build.0 = Debug|Any CPU
		{D29069E0-58EC-42CF-A776-100B4047A762}.Debug|iPhone.ActiveCfg = Debug|Any CPU
		{D29069E0-58EC-42CF-A776-100B4047A762}.Debug|iPhone.Build.0 = Debug|Any CPU
		{D29069E0-58EC-42CF-A776-100B4047A762}.Debug|iPhoneSimulator.ActiveCfg = Debug|Any CPU
		{D29069E0-58EC-42CF-A776-100B4047A762}.Debug|iPhoneSimulator.Build.0 = Debug|Any CPU
		{D29069E0-58EC-42CF-A776-100B4047A762}.Debug|x64.ActiveCfg = Debug|Any CPU
		{D29069E0-58EC-42CF-A776-100B4047A762}.Debug|x64.Build.0 = Debug|Any CPU
		{D29069E0-58EC-42CF-A776-100B4047A762}.Debug|x86.ActiveCfg = Debug|Any CPU
		{D29069E0-58EC-42CF-A776-100B4047A762}.Debug|x86.Build.0 = Debug|Any CPU
		{D29069E0-58EC-42CF-A776-100B4047A762}.Release|Any CPU.ActiveCfg = Release|Any CPU
		{D29069E0-58EC-42CF-A776-100B4047A762}.Release|Any CPU.Build.0 = Release|Any CPU
		{D29069E0-58EC-42CF-A776-100B4047A762}.Release|ARM.ActiveCfg = Release|Any CPU
		{D29069E0-58EC-42CF-A776-100B4047A762}.Release|ARM.Build.0 = Release|Any CPU
		{D29069E0-58EC-42CF-A776-100B4047A762}.Release|iPhone.ActiveCfg = Release|Any CPU
		{D29069E0-58EC-42CF-A776-100B4047A762}.Release|iPhone.Build.0 = Release|Any CPU
		{D29069E0-58EC-42CF-A776-100B4047A762}.Release|iPhoneSimulator.ActiveCfg = Release|Any CPU
		{D29069E0-58EC-42CF-A776-100B4047A762}.Release|iPhoneSimulator.Build.0 = Release|Any CPU
		{D29069E0-58EC-42CF-A776-100B4047A762}.Release|x64.ActiveCfg = Release|Any CPU
		{D29069E0-58EC-42CF-A776-100B4047A762}.Release|x64.Build.0 = Release|Any CPU
		{D29069E0-58EC-42CF-A776-100B4047A762}.Release|x86.ActiveCfg = Release|Any CPU
		{D29069E0-58EC-42CF-A776-100B4047A762}.Release|x86.Build.0 = Release|Any CPU
		{9384A57D-69EA-4798-8F94-15C9DA6D2908}.AppStore|Any CPU.ActiveCfg = Release|Any CPU
		{9384A57D-69EA-4798-8F94-15C9DA6D2908}.AppStore|Any CPU.Build.0 = Release|Any CPU
		{9384A57D-69EA-4798-8F94-15C9DA6D2908}.AppStore|Any CPU.Deploy.0 = Release|Any CPU
		{9384A57D-69EA-4798-8F94-15C9DA6D2908}.AppStore|ARM.ActiveCfg = Release|ARM
		{9384A57D-69EA-4798-8F94-15C9DA6D2908}.AppStore|ARM.Build.0 = Release|ARM
		{9384A57D-69EA-4798-8F94-15C9DA6D2908}.AppStore|ARM.Deploy.0 = Release|ARM
		{9384A57D-69EA-4798-8F94-15C9DA6D2908}.AppStore|iPhone.ActiveCfg = Release|Any CPU
		{9384A57D-69EA-4798-8F94-15C9DA6D2908}.AppStore|iPhone.Build.0 = Release|Any CPU
		{9384A57D-69EA-4798-8F94-15C9DA6D2908}.AppStore|iPhone.Deploy.0 = Release|Any CPU
		{9384A57D-69EA-4798-8F94-15C9DA6D2908}.AppStore|iPhoneSimulator.ActiveCfg = Release|Any CPU
		{9384A57D-69EA-4798-8F94-15C9DA6D2908}.AppStore|iPhoneSimulator.Build.0 = Release|Any CPU
		{9384A57D-69EA-4798-8F94-15C9DA6D2908}.AppStore|iPhoneSimulator.Deploy.0 = Release|Any CPU
		{9384A57D-69EA-4798-8F94-15C9DA6D2908}.AppStore|x64.ActiveCfg = Release|x64
		{9384A57D-69EA-4798-8F94-15C9DA6D2908}.AppStore|x64.Build.0 = Release|x64
		{9384A57D-69EA-4798-8F94-15C9DA6D2908}.AppStore|x64.Deploy.0 = Release|x64
		{9384A57D-69EA-4798-8F94-15C9DA6D2908}.AppStore|x86.ActiveCfg = Release|x86
		{9384A57D-69EA-4798-8F94-15C9DA6D2908}.AppStore|x86.Build.0 = Release|x86
		{9384A57D-69EA-4798-8F94-15C9DA6D2908}.AppStore|x86.Deploy.0 = Release|x86
		{9384A57D-69EA-4798-8F94-15C9DA6D2908}.Debug|Any CPU.ActiveCfg = Debug|Any CPU
		{9384A57D-69EA-4798-8F94-15C9DA6D2908}.Debug|Any CPU.Build.0 = Debug|Any CPU
		{9384A57D-69EA-4798-8F94-15C9DA6D2908}.Debug|Any CPU.Deploy.0 = Debug|Any CPU
		{9384A57D-69EA-4798-8F94-15C9DA6D2908}.Debug|ARM.ActiveCfg = Debug|ARM
		{9384A57D-69EA-4798-8F94-15C9DA6D2908}.Debug|ARM.Build.0 = Debug|ARM
		{9384A57D-69EA-4798-8F94-15C9DA6D2908}.Debug|ARM.Deploy.0 = Debug|ARM
		{9384A57D-69EA-4798-8F94-15C9DA6D2908}.Debug|iPhone.ActiveCfg = Debug|Any CPU
		{9384A57D-69EA-4798-8F94-15C9DA6D2908}.Debug|iPhone.Build.0 = Debug|Any CPU
		{9384A57D-69EA-4798-8F94-15C9DA6D2908}.Debug|iPhone.Deploy.0 = Debug|Any CPU
		{9384A57D-69EA-4798-8F94-15C9DA6D2908}.Debug|iPhoneSimulator.ActiveCfg = Debug|Any CPU
		{9384A57D-69EA-4798-8F94-15C9DA6D2908}.Debug|iPhoneSimulator.Build.0 = Debug|Any CPU
		{9384A57D-69EA-4798-8F94-15C9DA6D2908}.Debug|iPhoneSimulator.Deploy.0 = Debug|Any CPU
		{9384A57D-69EA-4798-8F94-15C9DA6D2908}.Debug|x64.ActiveCfg = Debug|x64
		{9384A57D-69EA-4798-8F94-15C9DA6D2908}.Debug|x64.Build.0 = Debug|x64
		{9384A57D-69EA-4798-8F94-15C9DA6D2908}.Debug|x64.Deploy.0 = Debug|x64
		{9384A57D-69EA-4798-8F94-15C9DA6D2908}.Debug|x86.ActiveCfg = Debug|x86
		{9384A57D-69EA-4798-8F94-15C9DA6D2908}.Debug|x86.Build.0 = Debug|x86
		{9384A57D-69EA-4798-8F94-15C9DA6D2908}.Debug|x86.Deploy.0 = Debug|x86
		{9384A57D-69EA-4798-8F94-15C9DA6D2908}.Release|Any CPU.ActiveCfg = Release|Any CPU
		{9384A57D-69EA-4798-8F94-15C9DA6D2908}.Release|Any CPU.Build.0 = Release|Any CPU
		{9384A57D-69EA-4798-8F94-15C9DA6D2908}.Release|Any CPU.Deploy.0 = Release|Any CPU
		{9384A57D-69EA-4798-8F94-15C9DA6D2908}.Release|ARM.ActiveCfg = Release|ARM
		{9384A57D-69EA-4798-8F94-15C9DA6D2908}.Release|ARM.Build.0 = Release|ARM
		{9384A57D-69EA-4798-8F94-15C9DA6D2908}.Release|ARM.Deploy.0 = Release|ARM
		{9384A57D-69EA-4798-8F94-15C9DA6D2908}.Release|iPhone.ActiveCfg = Release|Any CPU
		{9384A57D-69EA-4798-8F94-15C9DA6D2908}.Release|iPhone.Build.0 = Release|Any CPU
		{9384A57D-69EA-4798-8F94-15C9DA6D2908}.Release|iPhone.Deploy.0 = Release|Any CPU
		{9384A57D-69EA-4798-8F94-15C9DA6D2908}.Release|iPhoneSimulator.ActiveCfg = Release|Any CPU
		{9384A57D-69EA-4798-8F94-15C9DA6D2908}.Release|iPhoneSimulator.Build.0 = Release|Any CPU
		{9384A57D-69EA-4798-8F94-15C9DA6D2908}.Release|iPhoneSimulator.Deploy.0 = Release|Any CPU
		{9384A57D-69EA-4798-8F94-15C9DA6D2908}.Release|x64.ActiveCfg = Release|x64
		{9384A57D-69EA-4798-8F94-15C9DA6D2908}.Release|x64.Build.0 = Release|x64
		{9384A57D-69EA-4798-8F94-15C9DA6D2908}.Release|x64.Deploy.0 = Release|x64
		{9384A57D-69EA-4798-8F94-15C9DA6D2908}.Release|x86.ActiveCfg = Release|x86
		{9384A57D-69EA-4798-8F94-15C9DA6D2908}.Release|x86.Build.0 = Release|x86
		{9384A57D-69EA-4798-8F94-15C9DA6D2908}.Release|x86.Deploy.0 = Release|x86
		{90BBAF1B-DC82-42A5-8C8E-569D44723A46}.AppStore|Any CPU.ActiveCfg = Release|Any CPU
		{90BBAF1B-DC82-42A5-8C8E-569D44723A46}.AppStore|Any CPU.Build.0 = Release|Any CPU
		{90BBAF1B-DC82-42A5-8C8E-569D44723A46}.AppStore|Any CPU.Deploy.0 = Release|Any CPU
		{90BBAF1B-DC82-42A5-8C8E-569D44723A46}.AppStore|ARM.ActiveCfg = Release|ARM
		{90BBAF1B-DC82-42A5-8C8E-569D44723A46}.AppStore|ARM.Build.0 = Release|ARM
		{90BBAF1B-DC82-42A5-8C8E-569D44723A46}.AppStore|ARM.Deploy.0 = Release|ARM
		{90BBAF1B-DC82-42A5-8C8E-569D44723A46}.AppStore|iPhone.ActiveCfg = Release|Any CPU
		{90BBAF1B-DC82-42A5-8C8E-569D44723A46}.AppStore|iPhone.Build.0 = Release|Any CPU
		{90BBAF1B-DC82-42A5-8C8E-569D44723A46}.AppStore|iPhone.Deploy.0 = Release|Any CPU
		{90BBAF1B-DC82-42A5-8C8E-569D44723A46}.AppStore|iPhoneSimulator.ActiveCfg = Release|Any CPU
		{90BBAF1B-DC82-42A5-8C8E-569D44723A46}.AppStore|iPhoneSimulator.Build.0 = Release|Any CPU
		{90BBAF1B-DC82-42A5-8C8E-569D44723A46}.AppStore|iPhoneSimulator.Deploy.0 = Release|Any CPU
		{90BBAF1B-DC82-42A5-8C8E-569D44723A46}.AppStore|x64.ActiveCfg = Release|Any CPU
		{90BBAF1B-DC82-42A5-8C8E-569D44723A46}.AppStore|x64.Build.0 = Release|Any CPU
		{90BBAF1B-DC82-42A5-8C8E-569D44723A46}.AppStore|x64.Deploy.0 = Release|Any CPU
		{90BBAF1B-DC82-42A5-8C8E-569D44723A46}.AppStore|x86.ActiveCfg = Release|x86
		{90BBAF1B-DC82-42A5-8C8E-569D44723A46}.AppStore|x86.Build.0 = Release|x86
		{90BBAF1B-DC82-42A5-8C8E-569D44723A46}.AppStore|x86.Deploy.0 = Release|x86
		{90BBAF1B-DC82-42A5-8C8E-569D44723A46}.Debug|Any CPU.ActiveCfg = Debug|Any CPU
		{90BBAF1B-DC82-42A5-8C8E-569D44723A46}.Debug|Any CPU.Build.0 = Debug|Any CPU
		{90BBAF1B-DC82-42A5-8C8E-569D44723A46}.Debug|Any CPU.Deploy.0 = Debug|Any CPU
		{90BBAF1B-DC82-42A5-8C8E-569D44723A46}.Debug|ARM.ActiveCfg = Debug|ARM
		{90BBAF1B-DC82-42A5-8C8E-569D44723A46}.Debug|ARM.Build.0 = Debug|ARM
		{90BBAF1B-DC82-42A5-8C8E-569D44723A46}.Debug|ARM.Deploy.0 = Debug|ARM
		{90BBAF1B-DC82-42A5-8C8E-569D44723A46}.Debug|iPhone.ActiveCfg = Debug|Any CPU
		{90BBAF1B-DC82-42A5-8C8E-569D44723A46}.Debug|iPhone.Build.0 = Debug|Any CPU
		{90BBAF1B-DC82-42A5-8C8E-569D44723A46}.Debug|iPhone.Deploy.0 = Debug|Any CPU
		{90BBAF1B-DC82-42A5-8C8E-569D44723A46}.Debug|iPhoneSimulator.ActiveCfg = Debug|Any CPU
		{90BBAF1B-DC82-42A5-8C8E-569D44723A46}.Debug|iPhoneSimulator.Build.0 = Debug|Any CPU
		{90BBAF1B-DC82-42A5-8C8E-569D44723A46}.Debug|iPhoneSimulator.Deploy.0 = Debug|Any CPU
		{90BBAF1B-DC82-42A5-8C8E-569D44723A46}.Debug|x64.ActiveCfg = Debug|Any CPU
		{90BBAF1B-DC82-42A5-8C8E-569D44723A46}.Debug|x64.Build.0 = Debug|Any CPU
		{90BBAF1B-DC82-42A5-8C8E-569D44723A46}.Debug|x64.Deploy.0 = Debug|Any CPU
		{90BBAF1B-DC82-42A5-8C8E-569D44723A46}.Debug|x86.ActiveCfg = Debug|x86
		{90BBAF1B-DC82-42A5-8C8E-569D44723A46}.Debug|x86.Build.0 = Debug|x86
		{90BBAF1B-DC82-42A5-8C8E-569D44723A46}.Debug|x86.Deploy.0 = Debug|x86
		{90BBAF1B-DC82-42A5-8C8E-569D44723A46}.Release|Any CPU.ActiveCfg = Release|Any CPU
		{90BBAF1B-DC82-42A5-8C8E-569D44723A46}.Release|Any CPU.Build.0 = Release|Any CPU
		{90BBAF1B-DC82-42A5-8C8E-569D44723A46}.Release|Any CPU.Deploy.0 = Release|Any CPU
		{90BBAF1B-DC82-42A5-8C8E-569D44723A46}.Release|ARM.ActiveCfg = Release|ARM
		{90BBAF1B-DC82-42A5-8C8E-569D44723A46}.Release|ARM.Build.0 = Release|ARM
		{90BBAF1B-DC82-42A5-8C8E-569D44723A46}.Release|ARM.Deploy.0 = Release|ARM
		{90BBAF1B-DC82-42A5-8C8E-569D44723A46}.Release|iPhone.ActiveCfg = Release|Any CPU
		{90BBAF1B-DC82-42A5-8C8E-569D44723A46}.Release|iPhone.Build.0 = Release|Any CPU
		{90BBAF1B-DC82-42A5-8C8E-569D44723A46}.Release|iPhone.Deploy.0 = Release|Any CPU
		{90BBAF1B-DC82-42A5-8C8E-569D44723A46}.Release|iPhoneSimulator.ActiveCfg = Release|Any CPU
		{90BBAF1B-DC82-42A5-8C8E-569D44723A46}.Release|iPhoneSimulator.Build.0 = Release|Any CPU
		{90BBAF1B-DC82-42A5-8C8E-569D44723A46}.Release|iPhoneSimulator.Deploy.0 = Release|Any CPU
		{90BBAF1B-DC82-42A5-8C8E-569D44723A46}.Release|x64.ActiveCfg = Release|Any CPU
		{90BBAF1B-DC82-42A5-8C8E-569D44723A46}.Release|x64.Build.0 = Release|Any CPU
		{90BBAF1B-DC82-42A5-8C8E-569D44723A46}.Release|x64.Deploy.0 = Release|Any CPU
		{90BBAF1B-DC82-42A5-8C8E-569D44723A46}.Release|x86.ActiveCfg = Release|x86
		{90BBAF1B-DC82-42A5-8C8E-569D44723A46}.Release|x86.Build.0 = Release|x86
		{90BBAF1B-DC82-42A5-8C8E-569D44723A46}.Release|x86.Deploy.0 = Release|x86
		{A44F0D3B-956C-4724-A0C0-497DDCBDF015}.AppStore|Any CPU.ActiveCfg = Release|Any CPU
		{A44F0D3B-956C-4724-A0C0-497DDCBDF015}.AppStore|Any CPU.Build.0 = Release|Any CPU
		{A44F0D3B-956C-4724-A0C0-497DDCBDF015}.AppStore|Any CPU.Deploy.0 = Release|Any CPU
		{A44F0D3B-956C-4724-A0C0-497DDCBDF015}.AppStore|ARM.ActiveCfg = Release|ARM
		{A44F0D3B-956C-4724-A0C0-497DDCBDF015}.AppStore|ARM.Build.0 = Release|ARM
		{A44F0D3B-956C-4724-A0C0-497DDCBDF015}.AppStore|ARM.Deploy.0 = Release|ARM
		{A44F0D3B-956C-4724-A0C0-497DDCBDF015}.AppStore|iPhone.ActiveCfg = Release|Any CPU
		{A44F0D3B-956C-4724-A0C0-497DDCBDF015}.AppStore|iPhone.Build.0 = Release|Any CPU
		{A44F0D3B-956C-4724-A0C0-497DDCBDF015}.AppStore|iPhone.Deploy.0 = Release|Any CPU
		{A44F0D3B-956C-4724-A0C0-497DDCBDF015}.AppStore|iPhoneSimulator.ActiveCfg = Release|Any CPU
		{A44F0D3B-956C-4724-A0C0-497DDCBDF015}.AppStore|iPhoneSimulator.Build.0 = Release|Any CPU
		{A44F0D3B-956C-4724-A0C0-497DDCBDF015}.AppStore|iPhoneSimulator.Deploy.0 = Release|Any CPU
		{A44F0D3B-956C-4724-A0C0-497DDCBDF015}.AppStore|x64.ActiveCfg = Release|Any CPU
		{A44F0D3B-956C-4724-A0C0-497DDCBDF015}.AppStore|x64.Build.0 = Release|Any CPU
		{A44F0D3B-956C-4724-A0C0-497DDCBDF015}.AppStore|x64.Deploy.0 = Release|Any CPU
		{A44F0D3B-956C-4724-A0C0-497DDCBDF015}.AppStore|x86.ActiveCfg = Release|x86
		{A44F0D3B-956C-4724-A0C0-497DDCBDF015}.AppStore|x86.Build.0 = Release|x86
		{A44F0D3B-956C-4724-A0C0-497DDCBDF015}.AppStore|x86.Deploy.0 = Release|x86
		{A44F0D3B-956C-4724-A0C0-497DDCBDF015}.Debug|Any CPU.ActiveCfg = Debug|Any CPU
		{A44F0D3B-956C-4724-A0C0-497DDCBDF015}.Debug|Any CPU.Build.0 = Debug|Any CPU
		{A44F0D3B-956C-4724-A0C0-497DDCBDF015}.Debug|Any CPU.Deploy.0 = Debug|Any CPU
		{A44F0D3B-956C-4724-A0C0-497DDCBDF015}.Debug|ARM.ActiveCfg = Debug|ARM
		{A44F0D3B-956C-4724-A0C0-497DDCBDF015}.Debug|ARM.Build.0 = Debug|ARM
		{A44F0D3B-956C-4724-A0C0-497DDCBDF015}.Debug|ARM.Deploy.0 = Debug|ARM
		{A44F0D3B-956C-4724-A0C0-497DDCBDF015}.Debug|iPhone.ActiveCfg = Debug|Any CPU
		{A44F0D3B-956C-4724-A0C0-497DDCBDF015}.Debug|iPhone.Build.0 = Debug|Any CPU
		{A44F0D3B-956C-4724-A0C0-497DDCBDF015}.Debug|iPhone.Deploy.0 = Debug|Any CPU
		{A44F0D3B-956C-4724-A0C0-497DDCBDF015}.Debug|iPhoneSimulator.ActiveCfg = Debug|Any CPU
		{A44F0D3B-956C-4724-A0C0-497DDCBDF015}.Debug|iPhoneSimulator.Build.0 = Debug|Any CPU
		{A44F0D3B-956C-4724-A0C0-497DDCBDF015}.Debug|iPhoneSimulator.Deploy.0 = Debug|Any CPU
		{A44F0D3B-956C-4724-A0C0-497DDCBDF015}.Debug|x64.ActiveCfg = Debug|Any CPU
		{A44F0D3B-956C-4724-A0C0-497DDCBDF015}.Debug|x64.Build.0 = Debug|Any CPU
		{A44F0D3B-956C-4724-A0C0-497DDCBDF015}.Debug|x64.Deploy.0 = Debug|Any CPU
		{A44F0D3B-956C-4724-A0C0-497DDCBDF015}.Debug|x86.ActiveCfg = Debug|x86
		{A44F0D3B-956C-4724-A0C0-497DDCBDF015}.Debug|x86.Build.0 = Debug|x86
		{A44F0D3B-956C-4724-A0C0-497DDCBDF015}.Debug|x86.Deploy.0 = Debug|x86
		{A44F0D3B-956C-4724-A0C0-497DDCBDF015}.Release|Any CPU.ActiveCfg = Release|Any CPU
		{A44F0D3B-956C-4724-A0C0-497DDCBDF015}.Release|Any CPU.Build.0 = Release|Any CPU
		{A44F0D3B-956C-4724-A0C0-497DDCBDF015}.Release|Any CPU.Deploy.0 = Release|Any CPU
		{A44F0D3B-956C-4724-A0C0-497DDCBDF015}.Release|ARM.ActiveCfg = Release|ARM
		{A44F0D3B-956C-4724-A0C0-497DDCBDF015}.Release|ARM.Build.0 = Release|ARM
		{A44F0D3B-956C-4724-A0C0-497DDCBDF015}.Release|ARM.Deploy.0 = Release|ARM
		{A44F0D3B-956C-4724-A0C0-497DDCBDF015}.Release|iPhone.ActiveCfg = Release|Any CPU
		{A44F0D3B-956C-4724-A0C0-497DDCBDF015}.Release|iPhone.Build.0 = Release|Any CPU
		{A44F0D3B-956C-4724-A0C0-497DDCBDF015}.Release|iPhone.Deploy.0 = Release|Any CPU
		{A44F0D3B-956C-4724-A0C0-497DDCBDF015}.Release|iPhoneSimulator.ActiveCfg = Release|Any CPU
		{A44F0D3B-956C-4724-A0C0-497DDCBDF015}.Release|iPhoneSimulator.Build.0 = Release|Any CPU
		{A44F0D3B-956C-4724-A0C0-497DDCBDF015}.Release|iPhoneSimulator.Deploy.0 = Release|Any CPU
		{A44F0D3B-956C-4724-A0C0-497DDCBDF015}.Release|x64.ActiveCfg = Release|Any CPU
		{A44F0D3B-956C-4724-A0C0-497DDCBDF015}.Release|x64.Build.0 = Release|Any CPU
		{A44F0D3B-956C-4724-A0C0-497DDCBDF015}.Release|x64.Deploy.0 = Release|Any CPU
		{A44F0D3B-956C-4724-A0C0-497DDCBDF015}.Release|x86.ActiveCfg = Release|x86
		{A44F0D3B-956C-4724-A0C0-497DDCBDF015}.Release|x86.Build.0 = Release|x86
		{A44F0D3B-956C-4724-A0C0-497DDCBDF015}.Release|x86.Deploy.0 = Release|x86
	EndGlobalSection
	GlobalSection(SolutionProperties) = preSolution
		HideSolutionNode = FALSE
	EndGlobalSection
	GlobalSection(NestedProjects) = preSolution
		{140AE1AC-C314-4330-A7A3-14923B2DA49E} = {75EE5858-0704-48B3-AFA9-38A14250159C}
		{7440A7B3-C0FB-4A0E-859F-7233D4BE7576} = {75EE5858-0704-48B3-AFA9-38A14250159C}
		{F70DCA83-0AFF-4FB1-8D4A-8632B92CF4EC} = {75EE5858-0704-48B3-AFA9-38A14250159C}
		{B7D4E3BB-CB7D-40BB-829E-6AFD13B80FEC} = {75EE5858-0704-48B3-AFA9-38A14250159C}
		{BFF91270-3438-4109-9E0C-2B20EBFFE6E5} = {75EE5858-0704-48B3-AFA9-38A14250159C}
		{41935528-C919-4A7F-BE92-326D5CECB87F} = {BFF91270-3438-4109-9E0C-2B20EBFFE6E5}
		{9384A57D-69EA-4798-8F94-15C9DA6D2908} = {BFF91270-3438-4109-9E0C-2B20EBFFE6E5}
		{90BBAF1B-DC82-42A5-8C8E-569D44723A46} = {BFF91270-3438-4109-9E0C-2B20EBFFE6E5}
		{A44F0D3B-956C-4724-A0C0-497DDCBDF015} = {75EE5858-0704-48B3-AFA9-38A14250159C}
	EndGlobalSection
EndGlobal
